
Microsoft Visual Studio Solution File, Format Version 12.00
# Visual Studio 15
VisualStudioVersion = 15.0.28307.438
MinimumVisualStudioVersion = 10.0.40219.1
Project("{FAE04EC0-301F-11D3-BF4B-00C04F79EFBC}") = "HelloWorldDempProject", "HelloWorldDempProject.csproj", "{7DBBE8E8-CEAE-44EE-8B84-9891A4F7D9E6}"
EndProject
Global
	GlobalSection(SolutionConfigurationPlatforms) = preSolution
		Debug|Any CPU = Debug|Any CPU
		Release|Any CPU = Release|Any CPU
	EndGlobalSection
	GlobalSection(ProjectConfigurationPlatforms) = postSolution
		{7DBBE8E8-CEAE-44EE-8B84-9891A4F7D9E6}.Debug|Any CPU.ActiveCfg = Debug|Any CPU
		{7DBBE8E8-CEAE-44EE-8B84-9891A4F7D9E6}.Debug|Any CPU.Build.0 = Debug|Any CPU
		{7DBBE8E8-CEAE-44EE-8B84-9891A4F7D9E6}.Release|Any CPU.ActiveCfg = Release|Any CPU
		{7DBBE8E8-CEAE-44EE-8B84-9891A4F7D9E6}.Release|Any CPU.Build.0 = Release|Any CPU
	EndGlobalSection
	GlobalSection(SolutionProperties) = preSolution
		HideSolutionNode = FALSE
	EndGlobalSection
	GlobalSection(ExtensibilityGlobals) = postSolution
		SolutionGuid = {6B0031FD-0AA9-41DA-9600-70F0F67790F7}
	EndGlobalSection
EndGlobal
